// !$*UTF8*$!
{
	archiveVersion = 1;
	classes = {
	};
	objectVersion = 50;
	objects = {

/* Begin PBXBuildFile section */
		AFB911F3257AAF51009FCF6D /* AppDelegate.swift in Sources */ = {isa = PBXBuildFile; fileRef = AFB911F2257AAF51009FCF6D /* AppDelegate.swift */; };
		AFB911F5257AAF51009FCF6D /* SceneDelegate.swift in Sources */ = {isa = PBXBuildFile; fileRef = AFB911F4257AAF51009FCF6D /* SceneDelegate.swift */; };
		AFB911FC257AAF52009FCF6D /* Assets.xcassets in Resources */ = {isa = PBXBuildFile; fileRef = AFB911FB257AAF52009FCF6D /* Assets.xcassets */; };
		AFB911FF257AAF52009FCF6D /* LaunchScreen.storyboard in Resources */ = {isa = PBXBuildFile; fileRef = AFB911FD257AAF52009FCF6D /* LaunchScreen.storyboard */; };
		AFB91208257AB0B0009FCF6D /* AnimalesViewController.swift in Sources */ = {isa = PBXBuildFile; fileRef = AFB91206257AB0B0009FCF6D /* AnimalesViewController.swift */; };
		AFB91209257AB0B0009FCF6D /* AnimalesViewController.xib in Resources */ = {isa = PBXBuildFile; fileRef = AFB91207257AB0B0009FCF6D /* AnimalesViewController.xib */; };
		AFB9120B257AB8FF009FCF6D /* CalcularEdad.swift in Sources */ = {isa = PBXBuildFile; fileRef = AFB9120A257AB8FF009FCF6D /* CalcularEdad.swift */; };
/* End PBXBuildFile section */

/* Begin PBXFileReference section */
		AFB911EF257AAF51009FCF6D /* Edades xib.app */ = {isa = PBXFileReference; explicitFileType = wrapper.application; includeInIndex = 0; path = "Edades xib.app"; sourceTree = BUILT_PRODUCTS_DIR; };
		AFB911F2257AAF51009FCF6D /* AppDelegate.swift */ = {isa = PBXFileReference; lastKnownFileType = sourcecode.swift; path = AppDelegate.swift; sourceTree = "<group>"; };
		AFB911F4257AAF51009FCF6D /* SceneDelegate.swift */ = {isa = PBXFileReference; lastKnownFileType = sourcecode.swift; path = SceneDelegate.swift; sourceTree = "<group>"; };
		AFB911FB257AAF52009FCF6D /* Assets.xcassets */ = {isa = PBXFileReference; lastKnownFileType = folder.assetcatalog; path = Assets.xcassets; sourceTree = "<group>"; };
		AFB911FE257AAF52009FCF6D /* Base */ = {isa = PBXFileReference; lastKnownFileType = file.storyboard; name = Base; path = Base.lproj/LaunchScreen.storyboard; sourceTree = "<group>"; };
		AFB91200257AAF52009FCF6D /* Info.plist */ = {isa = PBXFileReference; lastKnownFileType = text.plist.xml; path = Info.plist; sourceTree = "<group>"; };
		AFB91206257AB0B0009FCF6D /* AnimalesViewController.swift */ = {isa = PBXFileReference; lastKnownFileType = sourcecode.swift; path = AnimalesViewController.swift; sourceTree = "<group>"; };
		AFB91207257AB0B0009FCF6D /* AnimalesViewController.xib */ = {isa = PBXFileReference; lastKnownFileType = file.xib; path = AnimalesViewController.xib; sourceTree = "<group>"; };
		AFB9120A257AB8FF009FCF6D /* CalcularEdad.swift */ = {isa = PBXFileReference; lastKnownFileType = sourcecode.swift; path = CalcularEdad.swift; sourceTree = "<group>"; };
/* End PBXFileReference section */

/* Begin PBXFrameworksBuildPhase section */
		AFB911EC257AAF50009FCF6D /* Frameworks */ = {
			isa = PBXFrameworksBuildPhase;
			buildActionMask = 2147483647;
			files = (
			);
			runOnlyForDeploymentPostprocessing = 0;
		};
/* End PBXFrameworksBuildPhase section */

/* Begin PBXGroup section */
		AFB911E6257AAF50009FCF6D = {
			isa = PBXGroup;
			children = (
				AFB911F1257AAF51009FCF6D /* Edades xib */,
				AFB911F0257AAF51009FCF6D /* Products */,
			);
			sourceTree = "<group>";
		};
		AFB911F0257AAF51009FCF6D /* Products */ = {
			isa = PBXGroup;
			children = (
				AFB911EF257AAF51009FCF6D /* Edades xib.app */,
			);
			name = Products;
			sourceTree = "<group>";
		};
		AFB911F1257AAF51009FCF6D /* Edades xib */ = {
			isa = PBXGroup;
			children = (
				AFB911F2257AAF51009FCF6D /* AppDelegate.swift */,
				AFB911F4257AAF51009FCF6D /* SceneDelegate.swift */,
				AFB911FB257AAF52009FCF6D /* Assets.xcassets */,
				AFB911FD257AAF52009FCF6D /* LaunchScreen.storyboard */,
				AFB91200257AAF52009FCF6D /* Info.plist */,
				AFB91206257AB0B0009FCF6D /* AnimalesViewController.swift */,
				AFB91207257AB0B0009FCF6D /* AnimalesViewController.xib */,
				AFB9120A257AB8FF009FCF6D /* CalcularEdad.swift */,
			);
			path = "Edades xib";
			sourceTree = "<group>";
		};
/* End PBXGroup section */

/* Begin PBXNativeTarget section */
		AFB911EE257AAF50009FCF6D /* Edades xib */ = {
			isa = PBXNativeTarget;
			buildConfigurationList = AFB91203257AAF52009FCF6D /* Build configuration list for PBXNativeTarget "Edades xib" */;
			buildPhases = (
				AFB911EB257AAF50009FCF6D /* Sources */,
				AFB911EC257AAF50009FCF6D /* Frameworks */,
				AFB911ED257AAF50009FCF6D /* Resources */,
			);
			buildRules = (
			);
			dependencies = (
			);
			name = "Edades xib";
			productName = "Edades xib";
			productReference = AFB911EF257AAF51009FCF6D /* Edades xib.app */;
			productType = "com.apple.product-type.application";
		};
/* End PBXNativeTarget section */

/* Begin PBXProject section */
		AFB911E7257AAF50009FCF6D /* Project object */ = {
			isa = PBXProject;
			attributes = {
				LastSwiftUpdateCheck = 1130;
				LastUpgradeCheck = 1130;
				ORGANIZATIONNAME = master;
				TargetAttributes = {
					AFB911EE257AAF50009FCF6D = {
						CreatedOnToolsVersion = 11.3.1;
					};
				};
			};
			buildConfigurationList = AFB911EA257AAF50009FCF6D /* Build configuration list for PBXProject "Edades xib" */;
			compatibilityVersion = "Xcode 9.3";
			developmentRegion = en;
			hasScannedForEncodings = 0;
			knownRegions = (
				en,
				Base,
			);
			mainGroup = AFB911E6257AAF50009FCF6D;
			productRefGroup = AFB911F0257AAF51009FCF6D /* Products */;
			projectDirPath = "";
			projectRoot = "";
			targets = (
				AFB911EE257AAF50009FCF6D /* Edades xib */,
			);
		};
/* End PBXProject section */

/* Begin PBXResourcesBuildPhase section */
		AFB911ED257AAF50009FCF6D /* Resources */ = {
			isa = PBXResourcesBuildPhase;
			buildActionMask = 2147483647;
			files = (
				AFB911FF257AAF52009FCF6D /* LaunchScreen.storyboard in Resources */,
				AFB911FC257AAF52009FCF6D /* Assets.xcassets in Resources */,
				AFB91209257AB0B0009FCF6D /* AnimalesViewController.xib in Resources */,
			);
			runOnlyForDeploymentPostprocessing = 0;
		};
/* End PBXResourcesBuildPhase section */

/* Begin PBXSourcesBuildPhase section */
		AFB911EB257AAF50009FCF6D /* Sources */ = {
			isa = PBXSourcesBuildPhase;
			buildActionMask = 2147483647;
			files = (
				AFB911F3257AAF51009FCF6D /* AppDelegate.swift in Sources */,
				AFB91208257AB0B0009FCF6D /* AnimalesViewController.swift in Sources */,
				AFB9120B257AB8FF009FCF6D /* CalcularEdad.swift in Sources */,
				AFB911F5257AAF51009FCF6D /* SceneDelegate.swift in Sources */,
			);
			runOnlyForDeploymentPostprocessing = 0;
		};
/* End PBXSourcesBuildPhase section */

/* Begin PBXVariantGroup section */
		AFB911FD257AAF52009FCF6D /* LaunchScreen.storyboard */ = {
			isa = PBXVariantGroup;
			children = (
				AFB911FE257AAF52009FCF6D /* Base */,
			);
			name = LaunchScreen.storyboard;
			sourceTree = "<group>";
		};
/* End PBXVariantGroup section */

/* Begin XCBuildConfiguration section */
		AFB91201257AAF52009FCF6D /* Debug */ = {
			isa = XCBuildConfiguration;
			buildSettings = {
				ALWAYS_SEARCH_USER_PATHS = NO;
				CLANG_ANALYZER_NONNULL = YES;
				CLANG_ANALYZER_NUMBER_OBJECT_CONVERSION = YES_AGGRESSIVE;
				CLANG_CXX_LANGUAGE_STANDARD = "gnu++14";
				CLANG_CXX_LIBRARY = "libc++";
				CLANG_ENABLE_MODULES = YES;
				CLANG_ENABLE_OBJC_ARC = YES;
				CLANG_ENABLE_OBJC_WEAK = YES;
				CLANG_WARN_BLOCK_CAPTURE_AUTORELEASING = YES;
				CLANG_WARN_BOOL_CONVERSION = YES;
				CLANG_WARN_COMMA = YES;
				CLANG_WARN_CONSTANT_CONVERSION = YES;
				CLANG_WARN_DEPRECATED_OBJC_IMPLEMENTATIONS = YES;
				CLANG_WARN_DIRECT_OBJC_ISA_USAGE = YES_ERROR;
				CLANG_WARN_DOCUMENTATION_COMMENTS = YES;
				CLANG_WARN_EMPTY_BODY = YES;
				CLANG_WARN_ENUM_CONVERSION = YES;
				CLANG_WARN_INFINITE_RECURSION = YES;
				CLANG_WARN_INT_CONVERSION = YES;
				CLANG_WARN_NON_LITERAL_NULL_CONVERSION = YES;
				CLANG_WARN_OBJC_IMPLICIT_RETAIN_SELF = YES;
				CLANG_WARN_OBJC_LITERAL_CONVERSION = YES;
				CLANG_WARN_OBJC_ROOT_CLASS = YES_ERROR;
				CLANG_WARN_RANGE_LOOP_ANALYSIS = YES;
				CLANG_WARN_STRICT_PROTOTYPES = YES;
				CLANG_WARN_SUSPICIOUS_MOVE = YES;
				CLANG_WARN_UNGUARDED_AVAILABILITY = YES_AGGRESSIVE;
				CLANG_WARN_UNREACHABLE_CODE = YES;
				CLANG_WARN__DUPLICATE_METHOD_MATCH = YES;
				COPY_PHASE_STRIP = NO;
				DEBUG_INFORMATION_FORMAT = dwarf;
				ENABLE_STRICT_OBJC_MSGSEND = YES;
				ENABLE_TESTABILITY = YES;
				GCC_C_LANGUAGE_STANDARD = gnu11;
				GCC_DYNAMIC_NO_PIC = NO;
				GCC_NO_COMMON_BLOCKS = YES;
				GCC_OPTIMIZATION_LEVEL = 0;
				GCC_PREPROCESSOR_DEFINITIONS = (
					"DEBUG=1",
					"$(inherited)",
				);
				GCC_WARN_64_TO_32_BIT_CONVERSION = YES;
				GCC_WARN_ABOUT_RETURN_TYPE = YES_ERROR;
				GCC_WARN_UNDECLARED_SELECTOR = YES;
				GCC_WARN_UNINITIALIZED_AUTOS = YES_AGGRESSIVE;
				GCC_WARN_UNUSED_FUNCTION = YES;
				GCC_WARN_UNUSED_VARIABLE = YES;
				IPHONEOS_DEPLOYMENT_TARGET = 13.2;
				MTL_ENABLE_DEBUG_INFO = INCLUDE_SOURCE;
				MTL_FAST_MATH = YES;
				ONLY_ACTIVE_ARCH = YES;
				SDKROOT = iphoneos;
				SWIFT_ACTIVE_COMPILATION_CONDITIONS = DEBUG;
				SWIFT_OPTIMIZATION_LEVEL = "-Onone";
			};
			name = Debug;
		};
		AFB91202257AAF52009FCF6D /* Release */ = {
			isa = XCBuildConfiguration;
			buildSettings = {
				ALWAYS_SEARCH_USER_PATHS = NO;
				CLANG_ANALYZER_NONNULL = YES;
				CLANG_ANALYZER_NUMBER_OBJECT_CONVERSION = YES_AGGRESSIVE;
				CLANG_CXX_LANGUAGE_STANDARD = "gnu++14";
				CLANG_CXX_LIBRARY = "libc++";
				CLANG_ENABLE_MODULES = YES;
				CLANG_ENABLE_OBJC_ARC = YES;
				CLANG_ENABLE_OBJC_WEAK = YES;
				CLANG_WARN_BLOCK_CAPTURE_AUTORELEASING = YES;
				CLANG_WARN_BOOL_CONVERSION = YES;
				CLANG_WARN_COMMA = YES;
				CLANG_WARN_CONSTANT_CONVERSION = YES;
				CLANG_WARN_DEPRECATED_OBJC_IMPLEMENTATIONS = YES;
				CLANG_WARN_DIRECT_OBJC_ISA_USAGE = YES_ERROR;
				CLANG_WARN_DOCUMENTATION_COMMENTS = YES;
				CLANG_WARN_EMPTY_BODY = YES;
				CLANG_WARN_ENUM_CONVERSION = YES;
				CLANG_WARN_INFINITE_RECURSION = YES;
				CLANG_WARN_INT_CONVERSION = YES;
				CLANG_WARN_NON_LITERAL_NULL_CONVERSION = YES;
				CLANG_WARN_OBJC_IMPLICIT_RETAIN_SELF = YES;
				CLANG_WARN_OBJC_LITERAL_CONVERSION = YES;
				CLANG_WARN_OBJC_ROOT_CLASS = YES_ERROR;
				CLANG_WARN_RANGE_LOOP_ANALYSIS = YES;
				CLANG_WARN_STRICT_PROTOTYPES = YES;
				CLANG_WARN_SUSPICIOUS_MOVE = YES;
				CLANG_WARN_UNGUARDED_AVAILABILITY = YES_AGGRESSIVE;
				CLANG_WARN_UNREACHABLE_CODE = YES;
				CLANG_WARN__DUPLICATE_METHOD_MATCH = YES;
				COPY_PHASE_STRIP = NO;
				DEBUG_INFORMATION_FORMAT = "dwarf-with-dsym";
				ENABLE_NS_ASSERTIONS = NO;
				ENABLE_STRICT_OBJC_MSGSEND = YES;
				GCC_C_LANGUAGE_STANDARD = gnu11;
				GCC_NO_COMMON_BLOCKS = YES;
				GCC_WARN_64_TO_32_BIT_CONVERSION = YES;
				GCC_WARN_ABOUT_RETURN_TYPE = YES_ERROR;
				GCC_WARN_UNDECLARED_SELECTOR = YES;
				GCC_WARN_UNINITIALIZED_AUTOS = YES_AGGRESSIVE;
				GCC_WARN_UNUSED_FUNCTION = YES;
				GCC_WARN_UNUSED_VARIABLE = YES;
				IPHONEOS_DEPLOYMENT_TARGET = 13.2;
				MTL_ENABLE_DEBUG_INFO = NO;
				MTL_FAST_MATH = YES;
				SDKROOT = iphoneos;
				SWIFT_COMPILATION_MODE = wholemodule;
				SWIFT_OPTIMIZATION_LEVEL = "-O";
				VALIDATE_PRODUCT = YES;
			};
			name = Release;
		};
		AFB91204257AAF52009FCF6D /* Debug */ = {
			isa = XCBuildConfiguration;
			buildSettings = {
				ASSETCATALOG_COMPILER_APPICON_NAME = AppIcon;
				CODE_SIGN_STYLE = Automatic;
				INFOPLIST_FILE = "Edades xib/Info.plist";
				LD_RUNPATH_SEARCH_PATHS = (
					"$(inherited)",
					"@executable_path/Frameworks",
				);
				PRODUCT_BUNDLE_IDENTIFIER = "master.Edades-xib";
				PRODUCT_NAME = "$(TARGET_NAME)";
				SWIFT_VERSION = 5.0;
				TARGETED_DEVICE_FAMILY = "1,2";
			};
			name = Debug;
		};
		AFB91205257AAF52009FCF6D /* Release */ = {
			isa = XCBuildConfiguration;
			buildSettings = {
				ASSETCATALOG_COMPILER_APPICON_NAME = AppIcon;
				CODE_SIGN_STYLE = Automatic;
				INFOPLIST_FILE = "Edades xib/Info.plist";
				LD_RUNPATH_SEARCH_PATHS = (
					"$(inherited)",
					"@executable_path/Frameworks",
				);
				PRODUCT_BUNDLE_IDENTIFIER = "master.Edades-xib";
				PRODUCT_NAME = "$(TARGET_NAME)";
				SWIFT_VERSION = 5.0;
				TARGETED_DEVICE_FAMILY = "1,2";
			};
			name = Release;
		};
/* End XCBuildConfiguration section */

/* Begin XCConfigurationList section */
		AFB911EA257AAF50009FCF6D /* Build configuration list for PBXProject "Edades xib" */ = {
			isa = XCConfigurationList;
			buildConfigurations = (
				AFB91201257AAF52009FCF6D /* Debug */,
				AFB91202257AAF52009FCF6D /* Release */,
			);
			defaultConfigurationIsVisible = 0;
			defaultConfigurationName = Release;
		};
		AFB91203257AAF52009FCF6D /* Build configuration list for PBXNativeTarget "Edades xib" */ = {
			isa = XCConfigurationList;
			buildConfigurations = (
				AFB91204257AAF52009FCF6D /* Debug */,
				AFB91205257AAF52009FCF6D /* Release */,
			);
			defaultConfigurationIsVisible = 0;
			defaultConfigurationName = Release;
		};
/* End XCConfigurationList section */
	};
	rootObject = AFB911E7257AAF50009FCF6D /* Project object */;
}
