// !$*UTF8*$!
{
	archiveVersion = 1;
	classes = {
	};
	objectVersion = 50;
	objects = {

/* Begin PBXBuildFile section */
		AFCC62A525B0B60F0054D357 /* AppDelegate.swift in Sources */ = {isa = PBXBuildFile; fileRef = AFCC62A425B0B60F0054D357 /* AppDelegate.swift */; };
		AFCC62A725B0B60F0054D357 /* SceneDelegate.swift in Sources */ = {isa = PBXBuildFile; fileRef = AFCC62A625B0B60F0054D357 /* SceneDelegate.swift */; };
		AFCC62A925B0B60F0054D357 /* ViewController.swift in Sources */ = {isa = PBXBuildFile; fileRef = AFCC62A825B0B60F0054D357 /* ViewController.swift */; };
		AFCC62AC25B0B60F0054D357 /* Main.storyboard in Resources */ = {isa = PBXBuildFile; fileRef = AFCC62AA25B0B60F0054D357 /* Main.storyboard */; };
		AFCC62AE25B0B60F0054D357 /* Assets.xcassets in Resources */ = {isa = PBXBuildFile; fileRef = AFCC62AD25B0B60F0054D357 /* Assets.xcassets */; };
		AFCC62B125B0B60F0054D357 /* LaunchScreen.storyboard in Resources */ = {isa = PBXBuildFile; fileRef = AFCC62AF25B0B60F0054D357 /* LaunchScreen.storyboard */; };
		AFCC62B925B0BA4B0054D357 /* SegundoViewController.swift in Sources */ = {isa = PBXBuildFile; fileRef = AFCC62B825B0BA4B0054D357 /* SegundoViewController.swift */; };
/* End PBXBuildFile section */

/* Begin PBXFileReference section */
		AFCC62A125B0B60F0054D357 /* Tabla basica.app */ = {isa = PBXFileReference; explicitFileType = wrapper.application; includeInIndex = 0; path = "Tabla basica.app"; sourceTree = BUILT_PRODUCTS_DIR; };
		AFCC62A425B0B60F0054D357 /* AppDelegate.swift */ = {isa = PBXFileReference; lastKnownFileType = sourcecode.swift; path = AppDelegate.swift; sourceTree = "<group>"; };
		AFCC62A625B0B60F0054D357 /* SceneDelegate.swift */ = {isa = PBXFileReference; lastKnownFileType = sourcecode.swift; path = SceneDelegate.swift; sourceTree = "<group>"; };
		AFCC62A825B0B60F0054D357 /* ViewController.swift */ = {isa = PBXFileReference; lastKnownFileType = sourcecode.swift; path = ViewController.swift; sourceTree = "<group>"; };
		AFCC62AB25B0B60F0054D357 /* Base */ = {isa = PBXFileReference; lastKnownFileType = file.storyboard; name = Base; path = Base.lproj/Main.storyboard; sourceTree = "<group>"; };
		AFCC62AD25B0B60F0054D357 /* Assets.xcassets */ = {isa = PBXFileReference; lastKnownFileType = folder.assetcatalog; path = Assets.xcassets; sourceTree = "<group>"; };
		AFCC62B025B0B60F0054D357 /* Base */ = {isa = PBXFileReference; lastKnownFileType = file.storyboard; name = Base; path = Base.lproj/LaunchScreen.storyboard; sourceTree = "<group>"; };
		AFCC62B225B0B60F0054D357 /* Info.plist */ = {isa = PBXFileReference; lastKnownFileType = text.plist.xml; path = Info.plist; sourceTree = "<group>"; };
		AFCC62B825B0BA4B0054D357 /* SegundoViewController.swift */ = {isa = PBXFileReference; lastKnownFileType = sourcecode.swift; path = SegundoViewController.swift; sourceTree = "<group>"; };
/* End PBXFileReference section */

/* Begin PBXFrameworksBuildPhase section */
		AFCC629E25B0B60F0054D357 /* Frameworks */ = {
			isa = PBXFrameworksBuildPhase;
			buildActionMask = 2147483647;
			files = (
			);
			runOnlyForDeploymentPostprocessing = 0;
		};
/* End PBXFrameworksBuildPhase section */

/* Begin PBXGroup section */
		AFCC629825B0B60F0054D357 = {
			isa = PBXGroup;
			children = (
				AFCC62A325B0B60F0054D357 /* Tabla basica */,
				AFCC62A225B0B60F0054D357 /* Products */,
			);
			sourceTree = "<group>";
		};
		AFCC62A225B0B60F0054D357 /* Products */ = {
			isa = PBXGroup;
			children = (
				AFCC62A125B0B60F0054D357 /* Tabla basica.app */,
			);
			name = Products;
			sourceTree = "<group>";
		};
		AFCC62A325B0B60F0054D357 /* Tabla basica */ = {
			isa = PBXGroup;
			children = (
				AFCC62A425B0B60F0054D357 /* AppDelegate.swift */,
				AFCC62A625B0B60F0054D357 /* SceneDelegate.swift */,
				AFCC62A825B0B60F0054D357 /* ViewController.swift */,
				AFCC62B825B0BA4B0054D357 /* SegundoViewController.swift */,
				AFCC62AA25B0B60F0054D357 /* Main.storyboard */,
				AFCC62AD25B0B60F0054D357 /* Assets.xcassets */,
				AFCC62AF25B0B60F0054D357 /* LaunchScreen.storyboard */,
				AFCC62B225B0B60F0054D357 /* Info.plist */,
			);
			path = "Tabla basica";
			sourceTree = "<group>";
		};
/* End PBXGroup section */

/* Begin PBXNativeTarget section */
		AFCC62A025B0B60F0054D357 /* Tabla basica */ = {
			isa = PBXNativeTarget;
			buildConfigurationList = AFCC62B525B0B60F0054D357 /* Build configuration list for PBXNativeTarget "Tabla basica" */;
			buildPhases = (
				AFCC629D25B0B60F0054D357 /* Sources */,
				AFCC629E25B0B60F0054D357 /* Frameworks */,
				AFCC629F25B0B60F0054D357 /* Resources */,
			);
			buildRules = (
			);
			dependencies = (
			);
			name = "Tabla basica";
			productName = "Tabla basica";
			productReference = AFCC62A125B0B60F0054D357 /* Tabla basica.app */;
			productType = "com.apple.product-type.application";
		};
/* End PBXNativeTarget section */

/* Begin PBXProject section */
		AFCC629925B0B60F0054D357 /* Project object */ = {
			isa = PBXProject;
			attributes = {
				LastSwiftUpdateCheck = 1130;
				LastUpgradeCheck = 1130;
				ORGANIZATIONNAME = master;
				TargetAttributes = {
					AFCC62A025B0B60F0054D357 = {
						CreatedOnToolsVersion = 11.3.1;
					};
				};
			};
			buildConfigurationList = AFCC629C25B0B60F0054D357 /* Build configuration list for PBXProject "Tabla basica" */;
			compatibilityVersion = "Xcode 9.3";
			developmentRegion = en;
			hasScannedForEncodings = 0;
			knownRegions = (
				en,
				Base,
			);
			mainGroup = AFCC629825B0B60F0054D357;
			productRefGroup = AFCC62A225B0B60F0054D357 /* Products */;
			projectDirPath = "";
			projectRoot = "";
			targets = (
				AFCC62A025B0B60F0054D357 /* Tabla basica */,
			);
		};
/* End PBXProject section */

/* Begin PBXResourcesBuildPhase section */
		AFCC629F25B0B60F0054D357 /* Resources */ = {
			isa = PBXResourcesBuildPhase;
			buildActionMask = 2147483647;
			files = (
				AFCC62B125B0B60F0054D357 /* LaunchScreen.storyboard in Resources */,
				AFCC62AE25B0B60F0054D357 /* Assets.xcassets in Resources */,
				AFCC62AC25B0B60F0054D357 /* Main.storyboard in Resources */,
			);
			runOnlyForDeploymentPostprocessing = 0;
		};
/* End PBXResourcesBuildPhase section */

/* Begin PBXSourcesBuildPhase section */
		AFCC629D25B0B60F0054D357 /* Sources */ = {
			isa = PBXSourcesBuildPhase;
			buildActionMask = 2147483647;
			files = (
				AFCC62A925B0B60F0054D357 /* ViewController.swift in Sources */,
				AFCC62A525B0B60F0054D357 /* AppDelegate.swift in Sources */,
				AFCC62B925B0BA4B0054D357 /* SegundoViewController.swift in Sources */,
				AFCC62A725B0B60F0054D357 /* SceneDelegate.swift in Sources */,
			);
			runOnlyForDeploymentPostprocessing = 0;
		};
/* End PBXSourcesBuildPhase section */

/* Begin PBXVariantGroup section */
		AFCC62AA25B0B60F0054D357 /* Main.storyboard */ = {
			isa = PBXVariantGroup;
			children = (
				AFCC62AB25B0B60F0054D357 /* Base */,
			);
			name = Main.storyboard;
			sourceTree = "<group>";
		};
		AFCC62AF25B0B60F0054D357 /* LaunchScreen.storyboard */ = {
			isa = PBXVariantGroup;
			children = (
				AFCC62B025B0B60F0054D357 /* Base */,
			);
			name = LaunchScreen.storyboard;
			sourceTree = "<group>";
		};
/* End PBXVariantGroup section */

/* Begin XCBuildConfiguration section */
		AFCC62B325B0B60F0054D357 /* Debug */ = {
			isa = XCBuildConfiguration;
			buildSettings = {
				ALWAYS_SEARCH_USER_PATHS = NO;
				CLANG_ANALYZER_NONNULL = YES;
				CLANG_ANALYZER_NUMBER_OBJECT_CONVERSION = YES_AGGRESSIVE;
				CLANG_CXX_LANGUAGE_STANDARD = "gnu++14";
				CLANG_CXX_LIBRARY = "libc++";
				CLANG_ENABLE_MODULES = YES;
				CLANG_ENABLE_OBJC_ARC = YES;
				CLANG_ENABLE_OBJC_WEAK = YES;
				CLANG_WARN_BLOCK_CAPTURE_AUTORELEASING = YES;
				CLANG_WARN_BOOL_CONVERSION = YES;
				CLANG_WARN_COMMA = YES;
				CLANG_WARN_CONSTANT_CONVERSION = YES;
				CLANG_WARN_DEPRECATED_OBJC_IMPLEMENTATIONS = YES;
				CLANG_WARN_DIRECT_OBJC_ISA_USAGE = YES_ERROR;
				CLANG_WARN_DOCUMENTATION_COMMENTS = YES;
				CLANG_WARN_EMPTY_BODY = YES;
				CLANG_WARN_ENUM_CONVERSION = YES;
				CLANG_WARN_INFINITE_RECURSION = YES;
				CLANG_WARN_INT_CONVERSION = YES;
				CLANG_WARN_NON_LITERAL_NULL_CONVERSION = YES;
				CLANG_WARN_OBJC_IMPLICIT_RETAIN_SELF = YES;
				CLANG_WARN_OBJC_LITERAL_CONVERSION = YES;
				CLANG_WARN_OBJC_ROOT_CLASS = YES_ERROR;
				CLANG_WARN_RANGE_LOOP_ANALYSIS = YES;
				CLANG_WARN_STRICT_PROTOTYPES = YES;
				CLANG_WARN_SUSPICIOUS_MOVE = YES;
				CLANG_WARN_UNGUARDED_AVAILABILITY = YES_AGGRESSIVE;
				CLANG_WARN_UNREACHABLE_CODE = YES;
				CLANG_WARN__DUPLICATE_METHOD_MATCH = YES;
				COPY_PHASE_STRIP = NO;
				DEBUG_INFORMATION_FORMAT = dwarf;
				ENABLE_STRICT_OBJC_MSGSEND = YES;
				ENABLE_TESTABILITY = YES;
				GCC_C_LANGUAGE_STANDARD = gnu11;
				GCC_DYNAMIC_NO_PIC = NO;
				GCC_NO_COMMON_BLOCKS = YES;
				GCC_OPTIMIZATION_LEVEL = 0;
				GCC_PREPROCESSOR_DEFINITIONS = (
					"DEBUG=1",
					"$(inherited)",
				);
				GCC_WARN_64_TO_32_BIT_CONVERSION = YES;
				GCC_WARN_ABOUT_RETURN_TYPE = YES_ERROR;
				GCC_WARN_UNDECLARED_SELECTOR = YES;
				GCC_WARN_UNINITIALIZED_AUTOS = YES_AGGRESSIVE;
				GCC_WARN_UNUSED_FUNCTION = YES;
				GCC_WARN_UNUSED_VARIABLE = YES;
				IPHONEOS_DEPLOYMENT_TARGET = 13.2;
				MTL_ENABLE_DEBUG_INFO = INCLUDE_SOURCE;
				MTL_FAST_MATH = YES;
				ONLY_ACTIVE_ARCH = YES;
				SDKROOT = iphoneos;
				SWIFT_ACTIVE_COMPILATION_CONDITIONS = DEBUG;
				SWIFT_OPTIMIZATION_LEVEL = "-Onone";
			};
			name = Debug;
		};
		AFCC62B425B0B60F0054D357 /* Release */ = {
			isa = XCBuildConfiguration;
			buildSettings = {
				ALWAYS_SEARCH_USER_PATHS = NO;
				CLANG_ANALYZER_NONNULL = YES;
				CLANG_ANALYZER_NUMBER_OBJECT_CONVERSION = YES_AGGRESSIVE;
				CLANG_CXX_LANGUAGE_STANDARD = "gnu++14";
				CLANG_CXX_LIBRARY = "libc++";
				CLANG_ENABLE_MODULES = YES;
				CLANG_ENABLE_OBJC_ARC = YES;
				CLANG_ENABLE_OBJC_WEAK = YES;
				CLANG_WARN_BLOCK_CAPTURE_AUTORELEASING = YES;
				CLANG_WARN_BOOL_CONVERSION = YES;
				CLANG_WARN_COMMA = YES;
				CLANG_WARN_CONSTANT_CONVERSION = YES;
				CLANG_WARN_DEPRECATED_OBJC_IMPLEMENTATIONS = YES;
				CLANG_WARN_DIRECT_OBJC_ISA_USAGE = YES_ERROR;
				CLANG_WARN_DOCUMENTATION_COMMENTS = YES;
				CLANG_WARN_EMPTY_BODY = YES;
				CLANG_WARN_ENUM_CONVERSION = YES;
				CLANG_WARN_INFINITE_RECURSION = YES;
				CLANG_WARN_INT_CONVERSION = YES;
				CLANG_WARN_NON_LITERAL_NULL_CONVERSION = YES;
				CLANG_WARN_OBJC_IMPLICIT_RETAIN_SELF = YES;
				CLANG_WARN_OBJC_LITERAL_CONVERSION = YES;
				CLANG_WARN_OBJC_ROOT_CLASS = YES_ERROR;
				CLANG_WARN_RANGE_LOOP_ANALYSIS = YES;
				CLANG_WARN_STRICT_PROTOTYPES = YES;
				CLANG_WARN_SUSPICIOUS_MOVE = YES;
				CLANG_WARN_UNGUARDED_AVAILABILITY = YES_AGGRESSIVE;
				CLANG_WARN_UNREACHABLE_CODE = YES;
				CLANG_WARN__DUPLICATE_METHOD_MATCH = YES;
				COPY_PHASE_STRIP = NO;
				DEBUG_INFORMATION_FORMAT = "dwarf-with-dsym";
				ENABLE_NS_ASSERTIONS = NO;
				ENABLE_STRICT_OBJC_MSGSEND = YES;
				GCC_C_LANGUAGE_STANDARD = gnu11;
				GCC_NO_COMMON_BLOCKS = YES;
				GCC_WARN_64_TO_32_BIT_CONVERSION = YES;
				GCC_WARN_ABOUT_RETURN_TYPE = YES_ERROR;
				GCC_WARN_UNDECLARED_SELECTOR = YES;
				GCC_WARN_UNINITIALIZED_AUTOS = YES_AGGRESSIVE;
				GCC_WARN_UNUSED_FUNCTION = YES;
				GCC_WARN_UNUSED_VARIABLE = YES;
				IPHONEOS_DEPLOYMENT_TARGET = 13.2;
				MTL_ENABLE_DEBUG_INFO = NO;
				MTL_FAST_MATH = YES;
				SDKROOT = iphoneos;
				SWIFT_COMPILATION_MODE = wholemodule;
				SWIFT_OPTIMIZATION_LEVEL = "-O";
				VALIDATE_PRODUCT = YES;
			};
			name = Release;
		};
		AFCC62B625B0B60F0054D357 /* Debug */ = {
			isa = XCBuildConfiguration;
			buildSettings = {
				ASSETCATALOG_COMPILER_APPICON_NAME = AppIcon;
				CODE_SIGN_STYLE = Automatic;
				INFOPLIST_FILE = "Tabla basica/Info.plist";
				LD_RUNPATH_SEARCH_PATHS = (
					"$(inherited)",
					"@executable_path/Frameworks",
				);
				PRODUCT_BUNDLE_IDENTIFIER = "master.Tabla-basica";
				PRODUCT_NAME = "$(TARGET_NAME)";
				SWIFT_VERSION = 5.0;
				TARGETED_DEVICE_FAMILY = "1,2";
			};
			name = Debug;
		};
		AFCC62B725B0B60F0054D357 /* Release */ = {
			isa = XCBuildConfiguration;
			buildSettings = {
				ASSETCATALOG_COMPILER_APPICON_NAME = AppIcon;
				CODE_SIGN_STYLE = Automatic;
				INFOPLIST_FILE = "Tabla basica/Info.plist";
				LD_RUNPATH_SEARCH_PATHS = (
					"$(inherited)",
					"@executable_path/Frameworks",
				);
				PRODUCT_BUNDLE_IDENTIFIER = "master.Tabla-basica";
				PRODUCT_NAME = "$(TARGET_NAME)";
				SWIFT_VERSION = 5.0;
				TARGETED_DEVICE_FAMILY = "1,2";
			};
			name = Release;
		};
/* End XCBuildConfiguration section */

/* Begin XCConfigurationList section */
		AFCC629C25B0B60F0054D357 /* Build configuration list for PBXProject "Tabla basica" */ = {
			isa = XCConfigurationList;
			buildConfigurations = (
				AFCC62B325B0B60F0054D357 /* Debug */,
				AFCC62B425B0B60F0054D357 /* Release */,
			);
			defaultConfigurationIsVisible = 0;
			defaultConfigurationName = Release;
		};
		AFCC62B525B0B60F0054D357 /* Build configuration list for PBXNativeTarget "Tabla basica" */ = {
			isa = XCConfigurationList;
			buildConfigurations = (
				AFCC62B625B0B60F0054D357 /* Debug */,
				AFCC62B725B0B60F0054D357 /* Release */,
			);
			defaultConfigurationIsVisible = 0;
			defaultConfigurationName = Release;
		};
/* End XCConfigurationList section */
	};
	rootObject = AFCC629925B0B60F0054D357 /* Project object */;
}
