// !$*UTF8*$!
{
	archiveVersion = 1;
	classes = {
	};
	objectVersion = 50;
	objects = {

/* Begin PBXBuildFile section */
		AF289BF225B20E2200DCACE5 /* kylo.caf in Resources */ = {isa = PBXBuildFile; fileRef = AF289BD325B20E2200DCACE5 /* kylo.caf */; };
		AF289BF325B20E2200DCACE5 /* luke.caf in Resources */ = {isa = PBXBuildFile; fileRef = AF289BD425B20E2200DCACE5 /* luke.caf */; };
		AF289BF425B20E2200DCACE5 /* palpatine.caf in Resources */ = {isa = PBXBuildFile; fileRef = AF289BD525B20E2200DCACE5 /* palpatine.caf */; };
		AF289BF525B20E2200DCACE5 /* motti.caf in Resources */ = {isa = PBXBuildFile; fileRef = AF289BD625B20E2200DCACE5 /* motti.caf */; };
		AF289BF625B20E2200DCACE5 /* vader.jpg in Resources */ = {isa = PBXBuildFile; fileRef = AF289BD725B20E2200DCACE5 /* vader.jpg */; };
		AF289BF725B20E2200DCACE5 /* padme.jpg in Resources */ = {isa = PBXBuildFile; fileRef = AF289BD825B20E2200DCACE5 /* padme.jpg */; };
		AF289BF825B20E2200DCACE5 /* vader.caf in Resources */ = {isa = PBXBuildFile; fileRef = AF289BD925B20E2200DCACE5 /* vader.caf */; };
		AF289BF925B20E2200DCACE5 /* boba.jpg in Resources */ = {isa = PBXBuildFile; fileRef = AF289BDA25B20E2200DCACE5 /* boba.jpg */; };
		AF289BFA25B20E2200DCACE5 /* yoda.caf in Resources */ = {isa = PBXBuildFile; fileRef = AF289BDB25B20E2200DCACE5 /* yoda.caf */; };
		AF289BFB25B20E2200DCACE5 /* kylo.jpg in Resources */ = {isa = PBXBuildFile; fileRef = AF289BDC25B20E2200DCACE5 /* kylo.jpg */; };
		AF289BFC25B20E2200DCACE5 /* motti.jpg in Resources */ = {isa = PBXBuildFile; fileRef = AF289BDD25B20E2200DCACE5 /* motti.jpg */; };
		AF289BFD25B20E2200DCACE5 /* greedo.caf in Resources */ = {isa = PBXBuildFile; fileRef = AF289BDE25B20E2200DCACE5 /* greedo.caf */; };
		AF289BFE25B20E2200DCACE5 /* luke.jpg in Resources */ = {isa = PBXBuildFile; fileRef = AF289BDF25B20E2200DCACE5 /* luke.jpg */; };
		AF289BFF25B20E2200DCACE5 /* jabba.caf in Resources */ = {isa = PBXBuildFile; fileRef = AF289BE025B20E2200DCACE5 /* jabba.caf */; };
		AF289C0025B20E2200DCACE5 /* yoda.jpg in Resources */ = {isa = PBXBuildFile; fileRef = AF289BE125B20E2200DCACE5 /* yoda.jpg */; };
		AF289C0125B20E2200DCACE5 /* r2-d2.caf in Resources */ = {isa = PBXBuildFile; fileRef = AF289BE225B20E2200DCACE5 /* r2-d2.caf */; };
		AF289C0225B20E2200DCACE5 /* palpatine.jpg in Resources */ = {isa = PBXBuildFile; fileRef = AF289BE325B20E2200DCACE5 /* palpatine.jpg */; };
		AF289C0325B20E2200DCACE5 /* tarkin.caf in Resources */ = {isa = PBXBuildFile; fileRef = AF289BE425B20E2200DCACE5 /* tarkin.caf */; };
		AF289C0425B20E2200DCACE5 /* r2-d2.jpg in Resources */ = {isa = PBXBuildFile; fileRef = AF289BE525B20E2200DCACE5 /* r2-d2.jpg */; };
		AF289C0525B20E2200DCACE5 /* chewie.caf in Resources */ = {isa = PBXBuildFile; fileRef = AF289BE625B20E2200DCACE5 /* chewie.caf */; };
		AF289C0625B20E2200DCACE5 /* obiwan.jpg in Resources */ = {isa = PBXBuildFile; fileRef = AF289BE725B20E2200DCACE5 /* obiwan.jpg */; };
		AF289C0725B20E2200DCACE5 /* c3po.caf in Resources */ = {isa = PBXBuildFile; fileRef = AF289BE825B20E2200DCACE5 /* c3po.caf */; };
		AF289C0825B20E2200DCACE5 /* tarkin.jpg in Resources */ = {isa = PBXBuildFile; fileRef = AF289BE925B20E2200DCACE5 /* tarkin.jpg */; };
		AF289C0925B20E2200DCACE5 /* chewie.jpg in Resources */ = {isa = PBXBuildFile; fileRef = AF289BEA25B20E2200DCACE5 /* chewie.jpg */; };
		AF289C0A25B20E2200DCACE5 /* c3po.jpg in Resources */ = {isa = PBXBuildFile; fileRef = AF289BEB25B20E2200DCACE5 /* c3po.jpg */; };
		AF289C0B25B20E2200DCACE5 /* boba.wav in Resources */ = {isa = PBXBuildFile; fileRef = AF289BEC25B20E2200DCACE5 /* boba.wav */; };
		AF289C0C25B20E2200DCACE5 /* fernando.jpg in Resources */ = {isa = PBXBuildFile; fileRef = AF289BED25B20E2200DCACE5 /* fernando.jpg */; };
		AF289C0D25B20E2200DCACE5 /* jabba.jpg in Resources */ = {isa = PBXBuildFile; fileRef = AF289BEE25B20E2200DCACE5 /* jabba.jpg */; };
		AF289C0E25B20E2200DCACE5 /* padme.wav in Resources */ = {isa = PBXBuildFile; fileRef = AF289BEF25B20E2200DCACE5 /* padme.wav */; };
		AF289C0F25B20E2200DCACE5 /* obiwan.caf in Resources */ = {isa = PBXBuildFile; fileRef = AF289BF025B20E2200DCACE5 /* obiwan.caf */; };
		AF289C1025B20E2200DCACE5 /* greedo.jpg in Resources */ = {isa = PBXBuildFile; fileRef = AF289BF125B20E2200DCACE5 /* greedo.jpg */; };
		AF289C1225B20E9C00DCACE5 /* sable.mp3 in Resources */ = {isa = PBXBuildFile; fileRef = AF289C1125B20E9C00DCACE5 /* sable.mp3 */; };
		AF289C1825B2142400DCACE5 /* StarWarsUniverse.swift in Sources */ = {isa = PBXBuildFile; fileRef = AF289C1725B2142400DCACE5 /* StarWarsUniverse.swift */; };
		AF289C1A25B2159300DCACE5 /* UniverseViewController.swift in Sources */ = {isa = PBXBuildFile; fileRef = AF289C1925B2159300DCACE5 /* UniverseViewController.swift */; };
		AF2AEA4C25C495E70055BD98 /* ForceSensitive.swift in Sources */ = {isa = PBXBuildFile; fileRef = AF2AEA4B25C495E70055BD98 /* ForceSensitive.swift */; };
		AF2DBF51256C3BFD0055D35B /* AppDelegate.swift in Sources */ = {isa = PBXBuildFile; fileRef = AF2DBF50256C3BFD0055D35B /* AppDelegate.swift */; };
		AF2DBF53256C3BFD0055D35B /* SceneDelegate.swift in Sources */ = {isa = PBXBuildFile; fileRef = AF2DBF52256C3BFD0055D35B /* SceneDelegate.swift */; };
		AF2DBF5A256C3BFE0055D35B /* Assets.xcassets in Resources */ = {isa = PBXBuildFile; fileRef = AF2DBF59256C3BFE0055D35B /* Assets.xcassets */; };
		AF2DBF5D256C3BFE0055D35B /* LaunchScreen.storyboard in Resources */ = {isa = PBXBuildFile; fileRef = AF2DBF5B256C3BFE0055D35B /* LaunchScreen.storyboard */; };
		AF2DBF6A256C3EC90055D35B /* leia.caf in Resources */ = {isa = PBXBuildFile; fileRef = AF2DBF68256C3EC90055D35B /* leia.caf */; };
		AF2DBF6B256C3EC90055D35B /* leia.jpg in Resources */ = {isa = PBXBuildFile; fileRef = AF2DBF69256C3EC90055D35B /* leia.jpg */; };
		AF3275D825CB2C0B004CC273 /* Foundation.swift in Sources */ = {isa = PBXBuildFile; fileRef = AF3275D725CB2C0B004CC273 /* Foundation.swift */; };
		AF7B10CA25ACCB4500CAF2A4 /* WikiViewController.swift in Sources */ = {isa = PBXBuildFile; fileRef = AF7B10C825ACCB4500CAF2A4 /* WikiViewController.swift */; };
		AF7B10CB25ACCB4500CAF2A4 /* WikiViewController.xib in Resources */ = {isa = PBXBuildFile; fileRef = AF7B10C925ACCB4500CAF2A4 /* WikiViewController.xib */; };
		AF7B10CE25ACCBD500CAF2A4 /* WebKit.framework in Frameworks */ = {isa = PBXBuildFile; fileRef = AF7B10CD25ACCBD500CAF2A4 /* WebKit.framework */; };
		AF96090C25C88BEA00D72605 /* forceSensitives.json in Resources */ = {isa = PBXBuildFile; fileRef = AF96090A25C88BEA00D72605 /* forceSensitives.json */; };
		AF96090D25C88BEA00D72605 /* regularCharacters.json in Resources */ = {isa = PBXBuildFile; fileRef = AF96090B25C88BEA00D72605 /* regularCharacters.json */; };
		AF96090F25C88CD800D72605 /* Errors.swift in Sources */ = {isa = PBXBuildFile; fileRef = AF96090E25C88CD800D72605 /* Errors.swift */; };
		AF96091125C88EAD00D72605 /* JSONProcessing.swift in Sources */ = {isa = PBXBuildFile; fileRef = AF96091025C88EAD00D72605 /* JSONProcessing.swift */; };
		AF9B3761258BB348005BECB4 /* StarWarsAffiliation.swift in Sources */ = {isa = PBXBuildFile; fileRef = AF9B3760258BB348005BECB4 /* StarWarsAffiliation.swift */; };
		AF9B3763258BB362005BECB4 /* StarWarsCharacter.swift in Sources */ = {isa = PBXBuildFile; fileRef = AF9B3762258BB362005BECB4 /* StarWarsCharacter.swift */; };
		AF9B3766258BB5FB005BECB4 /* CharacterViewController.swift in Sources */ = {isa = PBXBuildFile; fileRef = AF9B3764258BB5FA005BECB4 /* CharacterViewController.swift */; };
		AF9B3767258BB5FB005BECB4 /* CharacterViewController.xib in Resources */ = {isa = PBXBuildFile; fileRef = AF9B3765258BB5FA005BECB4 /* CharacterViewController.xib */; };
/* End PBXBuildFile section */

/* Begin PBXFileReference section */
		AF289BD325B20E2200DCACE5 /* kylo.caf */ = {isa = PBXFileReference; lastKnownFileType = file; name = kylo.caf; path = "../../../../RECURSOS 2020/APPSW_05/kylo.caf"; sourceTree = "<group>"; };
		AF289BD425B20E2200DCACE5 /* luke.caf */ = {isa = PBXFileReference; lastKnownFileType = file; name = luke.caf; path = "../../../../RECURSOS 2020/APPSW_05/luke.caf"; sourceTree = "<group>"; };
		AF289BD525B20E2200DCACE5 /* palpatine.caf */ = {isa = PBXFileReference; lastKnownFileType = file; name = palpatine.caf; path = "../../../../RECURSOS 2020/APPSW_05/palpatine.caf"; sourceTree = "<group>"; };
		AF289BD625B20E2200DCACE5 /* motti.caf */ = {isa = PBXFileReference; lastKnownFileType = file; name = motti.caf; path = "../../../../RECURSOS 2020/APPSW_05/motti.caf"; sourceTree = "<group>"; };
		AF289BD725B20E2200DCACE5 /* vader.jpg */ = {isa = PBXFileReference; lastKnownFileType = image.jpeg; name = vader.jpg; path = "../../../../RECURSOS 2020/APPSW_05/vader.jpg"; sourceTree = "<group>"; };
		AF289BD825B20E2200DCACE5 /* padme.jpg */ = {isa = PBXFileReference; lastKnownFileType = image.jpeg; name = padme.jpg; path = "../../../../RECURSOS 2020/APPSW_05/padme.jpg"; sourceTree = "<group>"; };
		AF289BD925B20E2200DCACE5 /* vader.caf */ = {isa = PBXFileReference; lastKnownFileType = file; name = vader.caf; path = "../../../../RECURSOS 2020/APPSW_05/vader.caf"; sourceTree = "<group>"; };
		AF289BDA25B20E2200DCACE5 /* boba.jpg */ = {isa = PBXFileReference; lastKnownFileType = image.jpeg; name = boba.jpg; path = "../../../../RECURSOS 2020/APPSW_05/boba.jpg"; sourceTree = "<group>"; };
		AF289BDB25B20E2200DCACE5 /* yoda.caf */ = {isa = PBXFileReference; lastKnownFileType = file; name = yoda.caf; path = "../../../../RECURSOS 2020/APPSW_05/yoda.caf"; sourceTree = "<group>"; };
		AF289BDC25B20E2200DCACE5 /* kylo.jpg */ = {isa = PBXFileReference; lastKnownFileType = image.jpeg; name = kylo.jpg; path = "../../../../RECURSOS 2020/APPSW_05/kylo.jpg"; sourceTree = "<group>"; };
		AF289BDD25B20E2200DCACE5 /* motti.jpg */ = {isa = PBXFileReference; lastKnownFileType = image.jpeg; name = motti.jpg; path = "../../../../RECURSOS 2020/APPSW_05/motti.jpg"; sourceTree = "<group>"; };
		AF289BDE25B20E2200DCACE5 /* greedo.caf */ = {isa = PBXFileReference; lastKnownFileType = file; name = greedo.caf; path = "../../../../RECURSOS 2020/APPSW_05/greedo.caf"; sourceTree = "<group>"; };
		AF289BDF25B20E2200DCACE5 /* luke.jpg */ = {isa = PBXFileReference; lastKnownFileType = image.jpeg; name = luke.jpg; path = "../../../../RECURSOS 2020/APPSW_05/luke.jpg"; sourceTree = "<group>"; };
		AF289BE025B20E2200DCACE5 /* jabba.caf */ = {isa = PBXFileReference; lastKnownFileType = file; name = jabba.caf; path = "../../../../RECURSOS 2020/APPSW_05/jabba.caf"; sourceTree = "<group>"; };
		AF289BE125B20E2200DCACE5 /* yoda.jpg */ = {isa = PBXFileReference; lastKnownFileType = image.jpeg; name = yoda.jpg; path = "../../../../RECURSOS 2020/APPSW_05/yoda.jpg"; sourceTree = "<group>"; };
		AF289BE225B20E2200DCACE5 /* r2-d2.caf */ = {isa = PBXFileReference; lastKnownFileType = file; name = "r2-d2.caf"; path = "../../../../RECURSOS 2020/APPSW_05/r2-d2.caf"; sourceTree = "<group>"; };
		AF289BE325B20E2200DCACE5 /* palpatine.jpg */ = {isa = PBXFileReference; lastKnownFileType = image.jpeg; name = palpatine.jpg; path = "../../../../RECURSOS 2020/APPSW_05/palpatine.jpg"; sourceTree = "<group>"; };
		AF289BE425B20E2200DCACE5 /* tarkin.caf */ = {isa = PBXFileReference; lastKnownFileType = file; name = tarkin.caf; path = "../../../../RECURSOS 2020/APPSW_05/tarkin.caf"; sourceTree = "<group>"; };
		AF289BE525B20E2200DCACE5 /* r2-d2.jpg */ = {isa = PBXFileReference; lastKnownFileType = image.jpeg; name = "r2-d2.jpg"; path = "../../../../RECURSOS 2020/APPSW_05/r2-d2.jpg"; sourceTree = "<group>"; };
		AF289BE625B20E2200DCACE5 /* chewie.caf */ = {isa = PBXFileReference; lastKnownFileType = file; name = chewie.caf; path = "../../../../RECURSOS 2020/APPSW_05/chewie.caf"; sourceTree = "<group>"; };
		AF289BE725B20E2200DCACE5 /* obiwan.jpg */ = {isa = PBXFileReference; lastKnownFileType = image.jpeg; name = obiwan.jpg; path = "../../../../RECURSOS 2020/APPSW_05/obiwan.jpg"; sourceTree = "<group>"; };
		AF289BE825B20E2200DCACE5 /* c3po.caf */ = {isa = PBXFileReference; lastKnownFileType = file; name = c3po.caf; path = "../../../../RECURSOS 2020/APPSW_05/c3po.caf"; sourceTree = "<group>"; };
		AF289BE925B20E2200DCACE5 /* tarkin.jpg */ = {isa = PBXFileReference; lastKnownFileType = image.jpeg; name = tarkin.jpg; path = "../../../../RECURSOS 2020/APPSW_05/tarkin.jpg"; sourceTree = "<group>"; };
		AF289BEA25B20E2200DCACE5 /* chewie.jpg */ = {isa = PBXFileReference; lastKnownFileType = image.jpeg; name = chewie.jpg; path = "../../../../RECURSOS 2020/APPSW_05/chewie.jpg"; sourceTree = "<group>"; };
		AF289BEB25B20E2200DCACE5 /* c3po.jpg */ = {isa = PBXFileReference; lastKnownFileType = image.jpeg; name = c3po.jpg; path = "../../../../RECURSOS 2020/APPSW_05/c3po.jpg"; sourceTree = "<group>"; };
		AF289BEC25B20E2200DCACE5 /* boba.wav */ = {isa = PBXFileReference; lastKnownFileType = audio.wav; name = boba.wav; path = "../../../../RECURSOS 2020/APPSW_05/boba.wav"; sourceTree = "<group>"; };
		AF289BED25B20E2200DCACE5 /* fernando.jpg */ = {isa = PBXFileReference; lastKnownFileType = image.jpeg; name = fernando.jpg; path = "../../../../RECURSOS 2020/APPSW_05/fernando.jpg"; sourceTree = "<group>"; };
		AF289BEE25B20E2200DCACE5 /* jabba.jpg */ = {isa = PBXFileReference; lastKnownFileType = image.jpeg; name = jabba.jpg; path = "../../../../RECURSOS 2020/APPSW_05/jabba.jpg"; sourceTree = "<group>"; };
		AF289BEF25B20E2200DCACE5 /* padme.wav */ = {isa = PBXFileReference; lastKnownFileType = audio.wav; name = padme.wav; path = "../../../../RECURSOS 2020/APPSW_05/padme.wav"; sourceTree = "<group>"; };
		AF289BF025B20E2200DCACE5 /* obiwan.caf */ = {isa = PBXFileReference; lastKnownFileType = file; name = obiwan.caf; path = "../../../../RECURSOS 2020/APPSW_05/obiwan.caf"; sourceTree = "<group>"; };
		AF289BF125B20E2200DCACE5 /* greedo.jpg */ = {isa = PBXFileReference; lastKnownFileType = image.jpeg; name = greedo.jpg; path = "../../../../RECURSOS 2020/APPSW_05/greedo.jpg"; sourceTree = "<group>"; };
		AF289C1125B20E9C00DCACE5 /* sable.mp3 */ = {isa = PBXFileReference; lastKnownFileType = audio.mp3; name = sable.mp3; path = "../../../../RECURSOS 2020/APPSW_05/sable.mp3"; sourceTree = "<group>"; };
		AF289C1725B2142400DCACE5 /* StarWarsUniverse.swift */ = {isa = PBXFileReference; lastKnownFileType = sourcecode.swift; path = StarWarsUniverse.swift; sourceTree = "<group>"; };
		AF289C1925B2159300DCACE5 /* UniverseViewController.swift */ = {isa = PBXFileReference; lastKnownFileType = sourcecode.swift; path = UniverseViewController.swift; sourceTree = "<group>"; };
		AF2AEA4B25C495E70055BD98 /* ForceSensitive.swift */ = {isa = PBXFileReference; lastKnownFileType = sourcecode.swift; path = ForceSensitive.swift; sourceTree = "<group>"; };
		AF2DBF4D256C3BFD0055D35B /* Star Wars.app */ = {isa = PBXFileReference; explicitFileType = wrapper.application; includeInIndex = 0; path = "Star Wars.app"; sourceTree = BUILT_PRODUCTS_DIR; };
		AF2DBF50256C3BFD0055D35B /* AppDelegate.swift */ = {isa = PBXFileReference; lastKnownFileType = sourcecode.swift; path = AppDelegate.swift; sourceTree = "<group>"; };
		AF2DBF52256C3BFD0055D35B /* SceneDelegate.swift */ = {isa = PBXFileReference; lastKnownFileType = sourcecode.swift; path = SceneDelegate.swift; sourceTree = "<group>"; };
		AF2DBF59256C3BFE0055D35B /* Assets.xcassets */ = {isa = PBXFileReference; lastKnownFileType = folder.assetcatalog; path = Assets.xcassets; sourceTree = "<group>"; };
		AF2DBF5C256C3BFE0055D35B /* Base */ = {isa = PBXFileReference; lastKnownFileType = file.storyboard; name = Base; path = Base.lproj/LaunchScreen.storyboard; sourceTree = "<group>"; };
		AF2DBF5E256C3BFE0055D35B /* Info.plist */ = {isa = PBXFileReference; lastKnownFileType = text.plist.xml; path = Info.plist; sourceTree = "<group>"; };
		AF2DBF68256C3EC90055D35B /* leia.caf */ = {isa = PBXFileReference; lastKnownFileType = file; path = leia.caf; sourceTree = "<group>"; };
		AF2DBF69256C3EC90055D35B /* leia.jpg */ = {isa = PBXFileReference; lastKnownFileType = image.jpeg; path = leia.jpg; sourceTree = "<group>"; };
		AF3275D725CB2C0B004CC273 /* Foundation.swift */ = {isa = PBXFileReference; lastKnownFileType = sourcecode.swift; path = Foundation.swift; sourceTree = "<group>"; };
		AF7B10C825ACCB4500CAF2A4 /* WikiViewController.swift */ = {isa = PBXFileReference; lastKnownFileType = sourcecode.swift; path = WikiViewController.swift; sourceTree = "<group>"; };
		AF7B10C925ACCB4500CAF2A4 /* WikiViewController.xib */ = {isa = PBXFileReference; lastKnownFileType = file.xib; path = WikiViewController.xib; sourceTree = "<group>"; };
		AF7B10CD25ACCBD500CAF2A4 /* WebKit.framework */ = {isa = PBXFileReference; lastKnownFileType = wrapper.framework; name = WebKit.framework; path = System/Library/Frameworks/WebKit.framework; sourceTree = SDKROOT; };
		AF96090A25C88BEA00D72605 /* forceSensitives.json */ = {isa = PBXFileReference; fileEncoding = 4; lastKnownFileType = text.json; name = forceSensitives.json; path = "../../../../RECURSOS 2020/APPSW_07/forceSensitives.json"; sourceTree = "<group>"; };
		AF96090B25C88BEA00D72605 /* regularCharacters.json */ = {isa = PBXFileReference; fileEncoding = 4; lastKnownFileType = text.json; name = regularCharacters.json; path = "../../../../RECURSOS 2020/APPSW_07/regularCharacters.json"; sourceTree = "<group>"; };
		AF96090E25C88CD800D72605 /* Errors.swift */ = {isa = PBXFileReference; lastKnownFileType = sourcecode.swift; path = Errors.swift; sourceTree = "<group>"; };
		AF96091025C88EAD00D72605 /* JSONProcessing.swift */ = {isa = PBXFileReference; lastKnownFileType = sourcecode.swift; path = JSONProcessing.swift; sourceTree = "<group>"; };
		AF9B3760258BB348005BECB4 /* StarWarsAffiliation.swift */ = {isa = PBXFileReference; lastKnownFileType = sourcecode.swift; path = StarWarsAffiliation.swift; sourceTree = "<group>"; };
		AF9B3762258BB362005BECB4 /* StarWarsCharacter.swift */ = {isa = PBXFileReference; lastKnownFileType = sourcecode.swift; path = StarWarsCharacter.swift; sourceTree = "<group>"; };
		AF9B3764258BB5FA005BECB4 /* CharacterViewController.swift */ = {isa = PBXFileReference; lastKnownFileType = sourcecode.swift; path = CharacterViewController.swift; sourceTree = "<group>"; };
		AF9B3765258BB5FA005BECB4 /* CharacterViewController.xib */ = {isa = PBXFileReference; lastKnownFileType = file.xib; path = CharacterViewController.xib; sourceTree = "<group>"; };
/* End PBXFileReference section */

/* Begin PBXFrameworksBuildPhase section */
		AF2DBF4A256C3BFD0055D35B /* Frameworks */ = {
			isa = PBXFrameworksBuildPhase;
			buildActionMask = 2147483647;
			files = (
				AF7B10CE25ACCBD500CAF2A4 /* WebKit.framework in Frameworks */,
			);
			runOnlyForDeploymentPostprocessing = 0;
		};
/* End PBXFrameworksBuildPhase section */

/* Begin PBXGroup section */
		AF2DBF44256C3BFD0055D35B = {
			isa = PBXGroup;
			children = (
				AF2DBF4F256C3BFD0055D35B /* Star Wars */,
				AF2DBF4E256C3BFD0055D35B /* Products */,
				AF7B10CC25ACCBD500CAF2A4 /* Frameworks */,
			);
			sourceTree = "<group>";
		};
		AF2DBF4E256C3BFD0055D35B /* Products */ = {
			isa = PBXGroup;
			children = (
				AF2DBF4D256C3BFD0055D35B /* Star Wars.app */,
			);
			name = Products;
			sourceTree = "<group>";
		};
		AF2DBF4F256C3BFD0055D35B /* Star Wars */ = {
			isa = PBXGroup;
			children = (
				AF2DBF67256C3D8E0055D35B /* Framework */,
				AF2DBF66256C3D6F0055D35B /* Controlers */,
				AF2DBF65256C3D5D0055D35B /* Models */,
				AF2DBF64256C3D300055D35B /* Resources */,
				AF2DBF50256C3BFD0055D35B /* AppDelegate.swift */,
				AF2DBF52256C3BFD0055D35B /* SceneDelegate.swift */,
				AF2DBF59256C3BFE0055D35B /* Assets.xcassets */,
				AF2DBF5B256C3BFE0055D35B /* LaunchScreen.storyboard */,
				AF2DBF5E256C3BFE0055D35B /* Info.plist */,
			);
			path = "Star Wars";
			sourceTree = "<group>";
		};
		AF2DBF64256C3D300055D35B /* Resources */ = {
			isa = PBXGroup;
			children = (
				AF96090A25C88BEA00D72605 /* forceSensitives.json */,
				AF96090B25C88BEA00D72605 /* regularCharacters.json */,
				AF289BDA25B20E2200DCACE5 /* boba.jpg */,
				AF289BEC25B20E2200DCACE5 /* boba.wav */,
				AF289BE825B20E2200DCACE5 /* c3po.caf */,
				AF289BEB25B20E2200DCACE5 /* c3po.jpg */,
				AF289BE625B20E2200DCACE5 /* chewie.caf */,
				AF289BEA25B20E2200DCACE5 /* chewie.jpg */,
				AF289BED25B20E2200DCACE5 /* fernando.jpg */,
				AF289BDE25B20E2200DCACE5 /* greedo.caf */,
				AF289BF125B20E2200DCACE5 /* greedo.jpg */,
				AF289BE025B20E2200DCACE5 /* jabba.caf */,
				AF289C1125B20E9C00DCACE5 /* sable.mp3 */,
				AF289BEE25B20E2200DCACE5 /* jabba.jpg */,
				AF289BD325B20E2200DCACE5 /* kylo.caf */,
				AF289BDC25B20E2200DCACE5 /* kylo.jpg */,
				AF289BD425B20E2200DCACE5 /* luke.caf */,
				AF289BDF25B20E2200DCACE5 /* luke.jpg */,
				AF289BD625B20E2200DCACE5 /* motti.caf */,
				AF289BDD25B20E2200DCACE5 /* motti.jpg */,
				AF289BF025B20E2200DCACE5 /* obiwan.caf */,
				AF289BE725B20E2200DCACE5 /* obiwan.jpg */,
				AF289BD825B20E2200DCACE5 /* padme.jpg */,
				AF289BEF25B20E2200DCACE5 /* padme.wav */,
				AF289BD525B20E2200DCACE5 /* palpatine.caf */,
				AF289BE325B20E2200DCACE5 /* palpatine.jpg */,
				AF289BE225B20E2200DCACE5 /* r2-d2.caf */,
				AF289BE525B20E2200DCACE5 /* r2-d2.jpg */,
				AF289BE425B20E2200DCACE5 /* tarkin.caf */,
				AF289BE925B20E2200DCACE5 /* tarkin.jpg */,
				AF289BD925B20E2200DCACE5 /* vader.caf */,
				AF289BD725B20E2200DCACE5 /* vader.jpg */,
				AF289BDB25B20E2200DCACE5 /* yoda.caf */,
				AF289BE125B20E2200DCACE5 /* yoda.jpg */,
				AF2DBF68256C3EC90055D35B /* leia.caf */,
				AF2DBF69256C3EC90055D35B /* leia.jpg */,
			);
			path = Resources;
			sourceTree = "<group>";
		};
		AF2DBF65256C3D5D0055D35B /* Models */ = {
			isa = PBXGroup;
			children = (
				AF9B3760258BB348005BECB4 /* StarWarsAffiliation.swift */,
				AF9B3762258BB362005BECB4 /* StarWarsCharacter.swift */,
				AF289C1725B2142400DCACE5 /* StarWarsUniverse.swift */,
				AF2AEA4B25C495E70055BD98 /* ForceSensitive.swift */,
				AF96090E25C88CD800D72605 /* Errors.swift */,
				AF96091025C88EAD00D72605 /* JSONProcessing.swift */,
			);
			path = Models;
			sourceTree = "<group>";
		};
		AF2DBF66256C3D6F0055D35B /* Controlers */ = {
			isa = PBXGroup;
			children = (
				AF9B3764258BB5FA005BECB4 /* CharacterViewController.swift */,
				AF9B3765258BB5FA005BECB4 /* CharacterViewController.xib */,
				AF7B10C825ACCB4500CAF2A4 /* WikiViewController.swift */,
				AF7B10C925ACCB4500CAF2A4 /* WikiViewController.xib */,
				AF289C1925B2159300DCACE5 /* UniverseViewController.swift */,
			);
			path = Controlers;
			sourceTree = "<group>";
		};
		AF2DBF67256C3D8E0055D35B /* Framework */ = {
			isa = PBXGroup;
			children = (
				AF3275D725CB2C0B004CC273 /* Foundation.swift */,
			);
			path = Framework;
			sourceTree = "<group>";
		};
		AF7B10CC25ACCBD500CAF2A4 /* Frameworks */ = {
			isa = PBXGroup;
			children = (
				AF7B10CD25ACCBD500CAF2A4 /* WebKit.framework */,
			);
			name = Frameworks;
			sourceTree = "<group>";
		};
/* End PBXGroup section */

/* Begin PBXNativeTarget section */
		AF2DBF4C256C3BFD0055D35B /* Star Wars */ = {
			isa = PBXNativeTarget;
			buildConfigurationList = AF2DBF61256C3BFE0055D35B /* Build configuration list for PBXNativeTarget "Star Wars" */;
			buildPhases = (
				AF2DBF49256C3BFD0055D35B /* Sources */,
				AF2DBF4A256C3BFD0055D35B /* Frameworks */,
				AF2DBF4B256C3BFD0055D35B /* Resources */,
			);
			buildRules = (
			);
			dependencies = (
			);
			name = "Star Wars";
			productName = "Star Wars";
			productReference = AF2DBF4D256C3BFD0055D35B /* Star Wars.app */;
			productType = "com.apple.product-type.application";
		};
/* End PBXNativeTarget section */

/* Begin PBXProject section */
		AF2DBF45256C3BFD0055D35B /* Project object */ = {
			isa = PBXProject;
			attributes = {
				LastSwiftUpdateCheck = 1130;
				LastUpgradeCheck = 1130;
				ORGANIZATIONNAME = master;
				TargetAttributes = {
					AF2DBF4C256C3BFD0055D35B = {
						CreatedOnToolsVersion = 11.3.1;
					};
				};
			};
			buildConfigurationList = AF2DBF48256C3BFD0055D35B /* Build configuration list for PBXProject "Star Wars" */;
			compatibilityVersion = "Xcode 9.3";
			developmentRegion = en;
			hasScannedForEncodings = 0;
			knownRegions = (
				en,
				Base,
			);
			mainGroup = AF2DBF44256C3BFD0055D35B;
			productRefGroup = AF2DBF4E256C3BFD0055D35B /* Products */;
			projectDirPath = "";
			projectRoot = "";
			targets = (
				AF2DBF4C256C3BFD0055D35B /* Star Wars */,
			);
		};
/* End PBXProject section */

/* Begin PBXResourcesBuildPhase section */
		AF2DBF4B256C3BFD0055D35B /* Resources */ = {
			isa = PBXResourcesBuildPhase;
			buildActionMask = 2147483647;
			files = (
				AF289BF225B20E2200DCACE5 /* kylo.caf in Resources */,
				AF289C0525B20E2200DCACE5 /* chewie.caf in Resources */,
				AF289BF325B20E2200DCACE5 /* luke.caf in Resources */,
				AF289BFC25B20E2200DCACE5 /* motti.jpg in Resources */,
				AF289C1225B20E9C00DCACE5 /* sable.mp3 in Resources */,
				AF289C0925B20E2200DCACE5 /* chewie.jpg in Resources */,
				AF289BF625B20E2200DCACE5 /* vader.jpg in Resources */,
				AF289C0F25B20E2200DCACE5 /* obiwan.caf in Resources */,
				AF289C0425B20E2200DCACE5 /* r2-d2.jpg in Resources */,
				AF289C0025B20E2200DCACE5 /* yoda.jpg in Resources */,
				AF289C0E25B20E2200DCACE5 /* padme.wav in Resources */,
				AF289C0825B20E2200DCACE5 /* tarkin.jpg in Resources */,
				AF289C1025B20E2200DCACE5 /* greedo.jpg in Resources */,
				AF289C0225B20E2200DCACE5 /* palpatine.jpg in Resources */,
				AF289C0D25B20E2200DCACE5 /* jabba.jpg in Resources */,
				AF289BFA25B20E2200DCACE5 /* yoda.caf in Resources */,
				AF96090C25C88BEA00D72605 /* forceSensitives.json in Resources */,
				AF2DBF6A256C3EC90055D35B /* leia.caf in Resources */,
				AF2DBF5D256C3BFE0055D35B /* LaunchScreen.storyboard in Resources */,
				AF289C0125B20E2200DCACE5 /* r2-d2.caf in Resources */,
				AF289BFE25B20E2200DCACE5 /* luke.jpg in Resources */,
				AF289BFB25B20E2200DCACE5 /* kylo.jpg in Resources */,
				AF289C0A25B20E2200DCACE5 /* c3po.jpg in Resources */,
				AF2DBF6B256C3EC90055D35B /* leia.jpg in Resources */,
				AF96090D25C88BEA00D72605 /* regularCharacters.json in Resources */,
				AF289BF425B20E2200DCACE5 /* palpatine.caf in Resources */,
				AF289BF925B20E2200DCACE5 /* boba.jpg in Resources */,
				AF289BF525B20E2200DCACE5 /* motti.caf in Resources */,
				AF9B3767258BB5FB005BECB4 /* CharacterViewController.xib in Resources */,
				AF7B10CB25ACCB4500CAF2A4 /* WikiViewController.xib in Resources */,
				AF289BFD25B20E2200DCACE5 /* greedo.caf in Resources */,
				AF289C0B25B20E2200DCACE5 /* boba.wav in Resources */,
				AF289C0725B20E2200DCACE5 /* c3po.caf in Resources */,
				AF289C0325B20E2200DCACE5 /* tarkin.caf in Resources */,
				AF2DBF5A256C3BFE0055D35B /* Assets.xcassets in Resources */,
				AF289BFF25B20E2200DCACE5 /* jabba.caf in Resources */,
				AF289BF825B20E2200DCACE5 /* vader.caf in Resources */,
				AF289C0625B20E2200DCACE5 /* obiwan.jpg in Resources */,
				AF289BF725B20E2200DCACE5 /* padme.jpg in Resources */,
				AF289C0C25B20E2200DCACE5 /* fernando.jpg in Resources */,
			);
			runOnlyForDeploymentPostprocessing = 0;
		};
/* End PBXResourcesBuildPhase section */

/* Begin PBXSourcesBuildPhase section */
		AF2DBF49256C3BFD0055D35B /* Sources */ = {
			isa = PBXSourcesBuildPhase;
			buildActionMask = 2147483647;
			files = (
				AF2DBF51256C3BFD0055D35B /* AppDelegate.swift in Sources */,
				AF96091125C88EAD00D72605 /* JSONProcessing.swift in Sources */,
				AF2AEA4C25C495E70055BD98 /* ForceSensitive.swift in Sources */,
				AF289C1A25B2159300DCACE5 /* UniverseViewController.swift in Sources */,
				AF289C1825B2142400DCACE5 /* StarWarsUniverse.swift in Sources */,
				AF9B3766258BB5FB005BECB4 /* CharacterViewController.swift in Sources */,
				AF3275D825CB2C0B004CC273 /* Foundation.swift in Sources */,
				AF9B3761258BB348005BECB4 /* StarWarsAffiliation.swift in Sources */,
				AF96090F25C88CD800D72605 /* Errors.swift in Sources */,
				AF9B3763258BB362005BECB4 /* StarWarsCharacter.swift in Sources */,
				AF7B10CA25ACCB4500CAF2A4 /* WikiViewController.swift in Sources */,
				AF2DBF53256C3BFD0055D35B /* SceneDelegate.swift in Sources */,
			);
			runOnlyForDeploymentPostprocessing = 0;
		};
/* End PBXSourcesBuildPhase section */

/* Begin PBXVariantGroup section */
		AF2DBF5B256C3BFE0055D35B /* LaunchScreen.storyboard */ = {
			isa = PBXVariantGroup;
			children = (
				AF2DBF5C256C3BFE0055D35B /* Base */,
			);
			name = LaunchScreen.storyboard;
			sourceTree = "<group>";
		};
/* End PBXVariantGroup section */

/* Begin XCBuildConfiguration section */
		AF2DBF5F256C3BFE0055D35B /* Debug */ = {
			isa = XCBuildConfiguration;
			buildSettings = {
				ALWAYS_SEARCH_USER_PATHS = NO;
				CLANG_ANALYZER_NONNULL = YES;
				CLANG_ANALYZER_NUMBER_OBJECT_CONVERSION = YES_AGGRESSIVE;
				CLANG_CXX_LANGUAGE_STANDARD = "gnu++14";
				CLANG_CXX_LIBRARY = "libc++";
				CLANG_ENABLE_MODULES = YES;
				CLANG_ENABLE_OBJC_ARC = YES;
				CLANG_ENABLE_OBJC_WEAK = YES;
				CLANG_WARN_BLOCK_CAPTURE_AUTORELEASING = YES;
				CLANG_WARN_BOOL_CONVERSION = YES;
				CLANG_WARN_COMMA = YES;
				CLANG_WARN_CONSTANT_CONVERSION = YES;
				CLANG_WARN_DEPRECATED_OBJC_IMPLEMENTATIONS = YES;
				CLANG_WARN_DIRECT_OBJC_ISA_USAGE = YES_ERROR;
				CLANG_WARN_DOCUMENTATION_COMMENTS = YES;
				CLANG_WARN_EMPTY_BODY = YES;
				CLANG_WARN_ENUM_CONVERSION = YES;
				CLANG_WARN_INFINITE_RECURSION = YES;
				CLANG_WARN_INT_CONVERSION = YES;
				CLANG_WARN_NON_LITERAL_NULL_CONVERSION = YES;
				CLANG_WARN_OBJC_IMPLICIT_RETAIN_SELF = YES;
				CLANG_WARN_OBJC_LITERAL_CONVERSION = YES;
				CLANG_WARN_OBJC_ROOT_CLASS = YES_ERROR;
				CLANG_WARN_RANGE_LOOP_ANALYSIS = YES;
				CLANG_WARN_STRICT_PROTOTYPES = YES;
				CLANG_WARN_SUSPICIOUS_MOVE = YES;
				CLANG_WARN_UNGUARDED_AVAILABILITY = YES_AGGRESSIVE;
				CLANG_WARN_UNREACHABLE_CODE = YES;
				CLANG_WARN__DUPLICATE_METHOD_MATCH = YES;
				COPY_PHASE_STRIP = NO;
				DEBUG_INFORMATION_FORMAT = dwarf;
				ENABLE_STRICT_OBJC_MSGSEND = YES;
				ENABLE_TESTABILITY = YES;
				GCC_C_LANGUAGE_STANDARD = gnu11;
				GCC_DYNAMIC_NO_PIC = NO;
				GCC_NO_COMMON_BLOCKS = YES;
				GCC_OPTIMIZATION_LEVEL = 0;
				GCC_PREPROCESSOR_DEFINITIONS = (
					"DEBUG=1",
					"$(inherited)",
				);
				GCC_WARN_64_TO_32_BIT_CONVERSION = YES;
				GCC_WARN_ABOUT_RETURN_TYPE = YES_ERROR;
				GCC_WARN_UNDECLARED_SELECTOR = YES;
				GCC_WARN_UNINITIALIZED_AUTOS = YES_AGGRESSIVE;
				GCC_WARN_UNUSED_FUNCTION = YES;
				GCC_WARN_UNUSED_VARIABLE = YES;
				IPHONEOS_DEPLOYMENT_TARGET = 13.2;
				MTL_ENABLE_DEBUG_INFO = INCLUDE_SOURCE;
				MTL_FAST_MATH = YES;
				ONLY_ACTIVE_ARCH = YES;
				SDKROOT = iphoneos;
				SWIFT_ACTIVE_COMPILATION_CONDITIONS = DEBUG;
				SWIFT_OPTIMIZATION_LEVEL = "-Onone";
			};
			name = Debug;
		};
		AF2DBF60256C3BFE0055D35B /* Release */ = {
			isa = XCBuildConfiguration;
			buildSettings = {
				ALWAYS_SEARCH_USER_PATHS = NO;
				CLANG_ANALYZER_NONNULL = YES;
				CLANG_ANALYZER_NUMBER_OBJECT_CONVERSION = YES_AGGRESSIVE;
				CLANG_CXX_LANGUAGE_STANDARD = "gnu++14";
				CLANG_CXX_LIBRARY = "libc++";
				CLANG_ENABLE_MODULES = YES;
				CLANG_ENABLE_OBJC_ARC = YES;
				CLANG_ENABLE_OBJC_WEAK = YES;
				CLANG_WARN_BLOCK_CAPTURE_AUTORELEASING = YES;
				CLANG_WARN_BOOL_CONVERSION = YES;
				CLANG_WARN_COMMA = YES;
				CLANG_WARN_CONSTANT_CONVERSION = YES;
				CLANG_WARN_DEPRECATED_OBJC_IMPLEMENTATIONS = YES;
				CLANG_WARN_DIRECT_OBJC_ISA_USAGE = YES_ERROR;
				CLANG_WARN_DOCUMENTATION_COMMENTS = YES;
				CLANG_WARN_EMPTY_BODY = YES;
				CLANG_WARN_ENUM_CONVERSION = YES;
				CLANG_WARN_INFINITE_RECURSION = YES;
				CLANG_WARN_INT_CONVERSION = YES;
				CLANG_WARN_NON_LITERAL_NULL_CONVERSION = YES;
				CLANG_WARN_OBJC_IMPLICIT_RETAIN_SELF = YES;
				CLANG_WARN_OBJC_LITERAL_CONVERSION = YES;
				CLANG_WARN_OBJC_ROOT_CLASS = YES_ERROR;
				CLANG_WARN_RANGE_LOOP_ANALYSIS = YES;
				CLANG_WARN_STRICT_PROTOTYPES = YES;
				CLANG_WARN_SUSPICIOUS_MOVE = YES;
				CLANG_WARN_UNGUARDED_AVAILABILITY = YES_AGGRESSIVE;
				CLANG_WARN_UNREACHABLE_CODE = YES;
				CLANG_WARN__DUPLICATE_METHOD_MATCH = YES;
				COPY_PHASE_STRIP = NO;
				DEBUG_INFORMATION_FORMAT = "dwarf-with-dsym";
				ENABLE_NS_ASSERTIONS = NO;
				ENABLE_STRICT_OBJC_MSGSEND = YES;
				GCC_C_LANGUAGE_STANDARD = gnu11;
				GCC_NO_COMMON_BLOCKS = YES;
				GCC_WARN_64_TO_32_BIT_CONVERSION = YES;
				GCC_WARN_ABOUT_RETURN_TYPE = YES_ERROR;
				GCC_WARN_UNDECLARED_SELECTOR = YES;
				GCC_WARN_UNINITIALIZED_AUTOS = YES_AGGRESSIVE;
				GCC_WARN_UNUSED_FUNCTION = YES;
				GCC_WARN_UNUSED_VARIABLE = YES;
				IPHONEOS_DEPLOYMENT_TARGET = 13.2;
				MTL_ENABLE_DEBUG_INFO = NO;
				MTL_FAST_MATH = YES;
				SDKROOT = iphoneos;
				SWIFT_COMPILATION_MODE = wholemodule;
				SWIFT_OPTIMIZATION_LEVEL = "-O";
				VALIDATE_PRODUCT = YES;
			};
			name = Release;
		};
		AF2DBF62256C3BFE0055D35B /* Debug */ = {
			isa = XCBuildConfiguration;
			buildSettings = {
				ASSETCATALOG_COMPILER_APPICON_NAME = AppIcon;
				CODE_SIGN_STYLE = Automatic;
				INFOPLIST_FILE = "Star Wars/Info.plist";
				LD_RUNPATH_SEARCH_PATHS = (
					"$(inherited)",
					"@executable_path/Frameworks",
				);
				PRODUCT_BUNDLE_IDENTIFIER = "master.Star-Wars";
				PRODUCT_NAME = "$(TARGET_NAME)";
				SWIFT_VERSION = 5.0;
				TARGETED_DEVICE_FAMILY = "1,2";
			};
			name = Debug;
		};
		AF2DBF63256C3BFE0055D35B /* Release */ = {
			isa = XCBuildConfiguration;
			buildSettings = {
				ASSETCATALOG_COMPILER_APPICON_NAME = AppIcon;
				CODE_SIGN_STYLE = Automatic;
				INFOPLIST_FILE = "Star Wars/Info.plist";
				LD_RUNPATH_SEARCH_PATHS = (
					"$(inherited)",
					"@executable_path/Frameworks",
				);
				PRODUCT_BUNDLE_IDENTIFIER = "master.Star-Wars";
				PRODUCT_NAME = "$(TARGET_NAME)";
				SWIFT_VERSION = 5.0;
				TARGETED_DEVICE_FAMILY = "1,2";
			};
			name = Release;
		};
/* End XCBuildConfiguration section */

/* Begin XCConfigurationList section */
		AF2DBF48256C3BFD0055D35B /* Build configuration list for PBXProject "Star Wars" */ = {
			isa = XCConfigurationList;
			buildConfigurations = (
				AF2DBF5F256C3BFE0055D35B /* Debug */,
				AF2DBF60256C3BFE0055D35B /* Release */,
			);
			defaultConfigurationIsVisible = 0;
			defaultConfigurationName = Release;
		};
		AF2DBF61256C3BFE0055D35B /* Build configuration list for PBXNativeTarget "Star Wars" */ = {
			isa = XCConfigurationList;
			buildConfigurations = (
				AF2DBF62256C3BFE0055D35B /* Debug */,
				AF2DBF63256C3BFE0055D35B /* Release */,
			);
			defaultConfigurationIsVisible = 0;
			defaultConfigurationName = Release;
		};
/* End XCConfigurationList section */
	};
	rootObject = AF2DBF45256C3BFD0055D35B /* Project object */;
}
